// !$*UTF8*$!
{
	archiveVersion = 1;
	classes = {
	};
	objectVersion = 56;
	objects = {

/* Begin PBXBuildFile section */
		234A0E522B576A0E0063A79C /* AppDelegate.swift in Sources */ = {isa = PBXBuildFile; fileRef = 234A0E512B576A0E0063A79C /* AppDelegate.swift */; };
		234A0E542B576A0E0063A79C /* SceneDelegate.swift in Sources */ = {isa = PBXBuildFile; fileRef = 234A0E532B576A0E0063A79C /* SceneDelegate.swift */; };
		234A0E5B2B576A0F0063A79C /* Assets.xcassets in Resources */ = {isa = PBXBuildFile; fileRef = 234A0E5A2B576A0F0063A79C /* Assets.xcassets */; };
		234A0E5E2B576A0F0063A79C /* LaunchScreen.storyboard in Resources */ = {isa = PBXBuildFile; fileRef = 234A0E5C2B576A0F0063A79C /* LaunchScreen.storyboard */; };
		234A0E6D2B576BE00063A79C /* .gitkeep in Resources */ = {isa = PBXBuildFile; fileRef = 234A0E6C2B576BE00063A79C /* .gitkeep */; };
		234A0E712B576E090063A79C /* Config.swift in Sources */ = {isa = PBXBuildFile; fileRef = 234A0E702B576E090063A79C /* Config.swift */; };
		234A0E742B576E600063A79C /* OpenAI in Frameworks */ = {isa = PBXBuildFile; productRef = 234A0E732B576E600063A79C /* OpenAI */; };
		234A0E772B576E6D0063A79C /* MessageKit in Frameworks */ = {isa = PBXBuildFile; productRef = 234A0E762B576E6D0063A79C /* MessageKit */; };
		234A0E792B576EC20063A79C /* JDMTalkVC.swift in Sources */ = {isa = PBXBuildFile; fileRef = 234A0E782B576EC20063A79C /* JDMTalkVC.swift */; };
		234A0E7B2B5770C80063A79C /* MessageModel.swift in Sources */ = {isa = PBXBuildFile; fileRef = 234A0E7A2B5770C80063A79C /* MessageModel.swift */; };
		234A0E7E2B5771FD0063A79C /* UIImage+.swift in Sources */ = {isa = PBXBuildFile; fileRef = 234A0E7D2B5771FD0063A79C /* UIImage+.swift */; };
/* End PBXBuildFile section */

/* Begin PBXFileReference section */
		234A0E4E2B576A0E0063A79C /* JDMTalk-iOS.app */ = {isa = PBXFileReference; explicitFileType = wrapper.application; includeInIndex = 0; path = "JDMTalk-iOS.app"; sourceTree = BUILT_PRODUCTS_DIR; };
		234A0E512B576A0E0063A79C /* AppDelegate.swift */ = {isa = PBXFileReference; lastKnownFileType = sourcecode.swift; path = AppDelegate.swift; sourceTree = "<group>"; };
		234A0E532B576A0E0063A79C /* SceneDelegate.swift */ = {isa = PBXFileReference; lastKnownFileType = sourcecode.swift; path = SceneDelegate.swift; sourceTree = "<group>"; };
		234A0E5A2B576A0F0063A79C /* Assets.xcassets */ = {isa = PBXFileReference; lastKnownFileType = folder.assetcatalog; path = Assets.xcassets; sourceTree = "<group>"; };
		234A0E5D2B576A0F0063A79C /* Base */ = {isa = PBXFileReference; lastKnownFileType = file.storyboard; name = Base; path = Base.lproj/LaunchScreen.storyboard; sourceTree = "<group>"; };
		234A0E5F2B576A0F0063A79C /* Info.plist */ = {isa = PBXFileReference; lastKnownFileType = text.plist.xml; path = Info.plist; sourceTree = "<group>"; };
		234A0E6C2B576BE00063A79C /* .gitkeep */ = {isa = PBXFileReference; lastKnownFileType = text; path = .gitkeep; sourceTree = "<group>"; };
		234A0E6E2B576BEF0063A79C /* .gitkeep */ = {isa = PBXFileReference; lastKnownFileType = text; path = .gitkeep; sourceTree = "<group>"; };
		234A0E702B576E090063A79C /* Config.swift */ = {isa = PBXFileReference; lastKnownFileType = sourcecode.swift; path = Config.swift; sourceTree = "<group>"; };
		234A0E782B576EC20063A79C /* JDMTalkVC.swift */ = {isa = PBXFileReference; lastKnownFileType = sourcecode.swift; path = JDMTalkVC.swift; sourceTree = "<group>"; };
		234A0E7A2B5770C80063A79C /* MessageModel.swift */ = {isa = PBXFileReference; lastKnownFileType = sourcecode.swift; path = MessageModel.swift; sourceTree = "<group>"; };
		234A0E7D2B5771FD0063A79C /* UIImage+.swift */ = {isa = PBXFileReference; lastKnownFileType = sourcecode.swift; path = "UIImage+.swift"; sourceTree = "<group>"; };
/* End PBXFileReference section */

/* Begin PBXFrameworksBuildPhase section */
		234A0E4B2B576A0E0063A79C /* Frameworks */ = {
			isa = PBXFrameworksBuildPhase;
			buildActionMask = 2147483647;
			files = (
				234A0E742B576E600063A79C /* OpenAI in Frameworks */,
				234A0E772B576E6D0063A79C /* MessageKit in Frameworks */,
			);
			runOnlyForDeploymentPostprocessing = 0;
		};
/* End PBXFrameworksBuildPhase section */

/* Begin PBXGroup section */
		234A0E452B576A0E0063A79C = {
			isa = PBXGroup;
			children = (
				234A0E502B576A0E0063A79C /* JDMTalk-iOS */,
				234A0E4F2B576A0E0063A79C /* Products */,
			);
			sourceTree = "<group>";
		};
		234A0E4F2B576A0E0063A79C /* Products */ = {
			isa = PBXGroup;
			children = (
				234A0E4E2B576A0E0063A79C /* JDMTalk-iOS.app */,
			);
			name = Products;
			sourceTree = "<group>";
		};
		234A0E502B576A0E0063A79C /* JDMTalk-iOS */ = {
			isa = PBXGroup;
			children = (
				234A0E652B576B2E0063A79C /* Global */,
				234A0E662B576B370063A79C /* Network */,
				234A0E672B576B560063A79C /* Presentation */,
				234A0E5F2B576A0F0063A79C /* Info.plist */,
			);
			path = "JDMTalk-iOS";
			sourceTree = "<group>";
		};
		234A0E652B576B2E0063A79C /* Global */ = {
			isa = PBXGroup;
			children = (
				234A0E682B576B690063A79C /* Utils */,
				234A0E692B576B750063A79C /* Resource */,
				234A0E6B2B576BA30063A79C /* Supports */,
			);
			path = Global;
			sourceTree = "<group>";
		};
		234A0E662B576B370063A79C /* Network */ = {
			isa = PBXGroup;
			children = (
				234A0E6A2B576B850063A79C /* Model */,
			);
			path = Network;
			sourceTree = "<group>";
		};
		234A0E672B576B560063A79C /* Presentation */ = {
			isa = PBXGroup;
			children = (
				234A0E782B576EC20063A79C /* JDMTalkVC.swift */,
			);
			path = Presentation;
			sourceTree = "<group>";
		};
		234A0E682B576B690063A79C /* Utils */ = {
			isa = PBXGroup;
			children = (
				234A0E7D2B5771FD0063A79C /* UIImage+.swift */,
				234A0E702B576E090063A79C /* Config.swift */,
				234A0E6C2B576BE00063A79C /* .gitkeep */,
			);
			path = Utils;
			sourceTree = "<group>";
		};
		234A0E692B576B750063A79C /* Resource */ = {
			isa = PBXGroup;
			children = (
				234A0E5A2B576A0F0063A79C /* Assets.xcassets */,
			);
			path = Resource;
			sourceTree = "<group>";
		};
		234A0E6A2B576B850063A79C /* Model */ = {
			isa = PBXGroup;
			children = (
				234A0E6E2B576BEF0063A79C /* .gitkeep */,
				234A0E7A2B5770C80063A79C /* MessageModel.swift */,
			);
			path = Model;
			sourceTree = "<group>";
		};
		234A0E6B2B576BA30063A79C /* Supports */ = {
			isa = PBXGroup;
			children = (
				234A0E5C2B576A0F0063A79C /* LaunchScreen.storyboard */,
				234A0E512B576A0E0063A79C /* AppDelegate.swift */,
				234A0E532B576A0E0063A79C /* SceneDelegate.swift */,
			);
			path = Supports;
			sourceTree = "<group>";
		};
/* End PBXGroup section */

/* Begin PBXNativeTarget section */
		234A0E4D2B576A0E0063A79C /* JDMTalk-iOS */ = {
			isa = PBXNativeTarget;
			buildConfigurationList = 234A0E622B576A0F0063A79C /* Build configuration list for PBXNativeTarget "JDMTalk-iOS" */;
			buildPhases = (
				234A0E4A2B576A0E0063A79C /* Sources */,
				234A0E4B2B576A0E0063A79C /* Frameworks */,
				234A0E4C2B576A0E0063A79C /* Resources */,
			);
			buildRules = (
			);
			dependencies = (
			);
			name = "JDMTalk-iOS";
			packageProductDependencies = (
				234A0E732B576E600063A79C /* OpenAI */,
				234A0E762B576E6D0063A79C /* MessageKit */,
			);
			productName = "JDMTalk-iOS";
			productReference = 234A0E4E2B576A0E0063A79C /* JDMTalk-iOS.app */;
			productType = "com.apple.product-type.application";
		};
/* End PBXNativeTarget section */

/* Begin PBXProject section */
		234A0E462B576A0E0063A79C /* Project object */ = {
			isa = PBXProject;
			attributes = {
				BuildIndependentTargetsInParallel = 1;
				LastSwiftUpdateCheck = 1510;
				LastUpgradeCheck = 1510;
				TargetAttributes = {
					234A0E4D2B576A0E0063A79C = {
						CreatedOnToolsVersion = 15.1;
					};
				};
			};
			buildConfigurationList = 234A0E492B576A0E0063A79C /* Build configuration list for PBXProject "JDMTalk-iOS" */;
			compatibilityVersion = "Xcode 14.0";
			developmentRegion = en;
			hasScannedForEncodings = 0;
			knownRegions = (
				en,
				Base,
			);
			mainGroup = 234A0E452B576A0E0063A79C;
			packageReferences = (
				234A0E722B576E600063A79C /* XCRemoteSwiftPackageReference "OpenAI" */,
				234A0E752B576E6D0063A79C /* XCRemoteSwiftPackageReference "MessageKit" */,
			);
			productRefGroup = 234A0E4F2B576A0E0063A79C /* Products */;
			projectDirPath = "";
			projectRoot = "";
			targets = (
				234A0E4D2B576A0E0063A79C /* JDMTalk-iOS */,
			);
		};
/* End PBXProject section */

/* Begin PBXResourcesBuildPhase section */
		234A0E4C2B576A0E0063A79C /* Resources */ = {
			isa = PBXResourcesBuildPhase;
			buildActionMask = 2147483647;
			files = (
				234A0E5E2B576A0F0063A79C /* LaunchScreen.storyboard in Resources */,
				234A0E5B2B576A0F0063A79C /* Assets.xcassets in Resources */,
				234A0E6D2B576BE00063A79C /* .gitkeep in Resources */,
			);
			runOnlyForDeploymentPostprocessing = 0;
		};
/* End PBXResourcesBuildPhase section */

/* Begin PBXSourcesBuildPhase section */
		234A0E4A2B576A0E0063A79C /* Sources */ = {
			isa = PBXSourcesBuildPhase;
			buildActionMask = 2147483647;
			files = (
				234A0E7B2B5770C80063A79C /* MessageModel.swift in Sources */,
				234A0E712B576E090063A79C /* Config.swift in Sources */,
				234A0E522B576A0E0063A79C /* AppDelegate.swift in Sources */,
				234A0E7E2B5771FD0063A79C /* UIImage+.swift in Sources */,
				234A0E792B576EC20063A79C /* JDMTalkVC.swift in Sources */,
				234A0E542B576A0E0063A79C /* SceneDelegate.swift in Sources */,
			);
			runOnlyForDeploymentPostprocessing = 0;
		};
/* End PBXSourcesBuildPhase section */

/* Begin PBXVariantGroup section */
		234A0E5C2B576A0F0063A79C /* LaunchScreen.storyboard */ = {
			isa = PBXVariantGroup;
			children = (
				234A0E5D2B576A0F0063A79C /* Base */,
			);
			name = LaunchScreen.storyboard;
			sourceTree = "<group>";
		};
/* End PBXVariantGroup section */

/* Begin XCBuildConfiguration section */
		234A0E602B576A0F0063A79C /* Debug */ = {
			isa = XCBuildConfiguration;
			buildSettings = {
				ALWAYS_SEARCH_USER_PATHS = NO;
				ASSETCATALOG_COMPILER_GENERATE_SWIFT_ASSET_SYMBOL_EXTENSIONS = YES;
				CLANG_ANALYZER_NONNULL = YES;
				CLANG_ANALYZER_NUMBER_OBJECT_CONVERSION = YES_AGGRESSIVE;
				CLANG_CXX_LANGUAGE_STANDARD = "gnu++20";
				CLANG_ENABLE_MODULES = YES;
				CLANG_ENABLE_OBJC_ARC = YES;
				CLANG_ENABLE_OBJC_WEAK = YES;
				CLANG_WARN_BLOCK_CAPTURE_AUTORELEASING = YES;
				CLANG_WARN_BOOL_CONVERSION = YES;
				CLANG_WARN_COMMA = YES;
				CLANG_WARN_CONSTANT_CONVERSION = YES;
				CLANG_WARN_DEPRECATED_OBJC_IMPLEMENTATIONS = YES;
				CLANG_WARN_DIRECT_OBJC_ISA_USAGE = YES_ERROR;
				CLANG_WARN_DOCUMENTATION_COMMENTS = YES;
				CLANG_WARN_EMPTY_BODY = YES;
				CLANG_WARN_ENUM_CONVERSION = YES;
				CLANG_WARN_INFINITE_RECURSION = YES;
				CLANG_WARN_INT_CONVERSION = YES;
				CLANG_WARN_NON_LITERAL_NULL_CONVERSION = YES;
				CLANG_WARN_OBJC_IMPLICIT_RETAIN_SELF = YES;
				CLANG_WARN_OBJC_LITERAL_CONVERSION = YES;
				CLANG_WARN_OBJC_ROOT_CLASS = YES_ERROR;
				CLANG_WARN_QUOTED_INCLUDE_IN_FRAMEWORK_HEADER = YES;
				CLANG_WARN_RANGE_LOOP_ANALYSIS = YES;
				CLANG_WARN_STRICT_PROTOTYPES = YES;
				CLANG_WARN_SUSPICIOUS_MOVE = YES;
				CLANG_WARN_UNGUARDED_AVAILABILITY = YES_AGGRESSIVE;
				CLANG_WARN_UNREACHABLE_CODE = YES;
				CLANG_WARN__DUPLICATE_METHOD_MATCH = YES;
				COPY_PHASE_STRIP = NO;
				DEBUG_INFORMATION_FORMAT = dwarf;
				ENABLE_STRICT_OBJC_MSGSEND = YES;
				ENABLE_TESTABILITY = YES;
				ENABLE_USER_SCRIPT_SANDBOXING = YES;
				GCC_C_LANGUAGE_STANDARD = gnu17;
				GCC_DYNAMIC_NO_PIC = NO;
				GCC_NO_COMMON_BLOCKS = YES;
				GCC_OPTIMIZATION_LEVEL = 0;
				GCC_PREPROCESSOR_DEFINITIONS = (
					"DEBUG=1",
					"$(inherited)",
				);
				GCC_WARN_64_TO_32_BIT_CONVERSION = YES;
				GCC_WARN_ABOUT_RETURN_TYPE = YES_ERROR;
				GCC_WARN_UNDECLARED_SELECTOR = YES;
				GCC_WARN_UNINITIALIZED_AUTOS = YES_AGGRESSIVE;
				GCC_WARN_UNUSED_FUNCTION = YES;
				GCC_WARN_UNUSED_VARIABLE = YES;
				IPHONEOS_DEPLOYMENT_TARGET = 17.2;
				LOCALIZATION_PREFERS_STRING_CATALOGS = YES;
				MTL_ENABLE_DEBUG_INFO = INCLUDE_SOURCE;
				MTL_FAST_MATH = YES;
				ONLY_ACTIVE_ARCH = YES;
				SDKROOT = iphoneos;
				SWIFT_ACTIVE_COMPILATION_CONDITIONS = "DEBUG $(inherited)";
				SWIFT_OPTIMIZATION_LEVEL = "-Onone";
			};
			name = Debug;
		};
		234A0E612B576A0F0063A79C /* Release */ = {
			isa = XCBuildConfiguration;
			buildSettings = {
				ALWAYS_SEARCH_USER_PATHS = NO;
				ASSETCATALOG_COMPILER_GENERATE_SWIFT_ASSET_SYMBOL_EXTENSIONS = YES;
				CLANG_ANALYZER_NONNULL = YES;
				CLANG_ANALYZER_NUMBER_OBJECT_CONVERSION = YES_AGGRESSIVE;
				CLANG_CXX_LANGUAGE_STANDARD = "gnu++20";
				CLANG_ENABLE_MODULES = YES;
				CLANG_ENABLE_OBJC_ARC = YES;
				CLANG_ENABLE_OBJC_WEAK = YES;
				CLANG_WARN_BLOCK_CAPTURE_AUTORELEASING = YES;
				CLANG_WARN_BOOL_CONVERSION = YES;
				CLANG_WARN_COMMA = YES;
				CLANG_WARN_CONSTANT_CONVERSION = YES;
				CLANG_WARN_DEPRECATED_OBJC_IMPLEMENTATIONS = YES;
				CLANG_WARN_DIRECT_OBJC_ISA_USAGE = YES_ERROR;
				CLANG_WARN_DOCUMENTATION_COMMENTS = YES;
				CLANG_WARN_EMPTY_BODY = YES;
				CLANG_WARN_ENUM_CONVERSION = YES;
				CLANG_WARN_INFINITE_RECURSION = YES;
				CLANG_WARN_INT_CONVERSION = YES;
				CLANG_WARN_NON_LITERAL_NULL_CONVERSION = YES;
				CLANG_WARN_OBJC_IMPLICIT_RETAIN_SELF = YES;
				CLANG_WARN_OBJC_LITERAL_CONVERSION = YES;
				CLANG_WARN_OBJC_ROOT_CLASS = YES_ERROR;
				CLANG_WARN_QUOTED_INCLUDE_IN_FRAMEWORK_HEADER = YES;
				CLANG_WARN_RANGE_LOOP_ANALYSIS = YES;
				CLANG_WARN_STRICT_PROTOTYPES = YES;
				CLANG_WARN_SUSPICIOUS_MOVE = YES;
				CLANG_WARN_UNGUARDED_AVAILABILITY = YES_AGGRESSIVE;
				CLANG_WARN_UNREACHABLE_CODE = YES;
				CLANG_WARN__DUPLICATE_METHOD_MATCH = YES;
				COPY_PHASE_STRIP = NO;
				DEBUG_INFORMATION_FORMAT = "dwarf-with-dsym";
				ENABLE_NS_ASSERTIONS = NO;
				ENABLE_STRICT_OBJC_MSGSEND = YES;
				ENABLE_USER_SCRIPT_SANDBOXING = YES;
				GCC_C_LANGUAGE_STANDARD = gnu17;
				GCC_NO_COMMON_BLOCKS = YES;
				GCC_WARN_64_TO_32_BIT_CONVERSION = YES;
				GCC_WARN_ABOUT_RETURN_TYPE = YES_ERROR;
				GCC_WARN_UNDECLARED_SELECTOR = YES;
				GCC_WARN_UNINITIALIZED_AUTOS = YES_AGGRESSIVE;
				GCC_WARN_UNUSED_FUNCTION = YES;
				GCC_WARN_UNUSED_VARIABLE = YES;
				IPHONEOS_DEPLOYMENT_TARGET = 17.2;
				LOCALIZATION_PREFERS_STRING_CATALOGS = YES;
				MTL_ENABLE_DEBUG_INFO = NO;
				MTL_FAST_MATH = YES;
				SDKROOT = iphoneos;
				SWIFT_COMPILATION_MODE = wholemodule;
				VALIDATE_PRODUCT = YES;
			};
			name = Release;
		};
		234A0E632B576A0F0063A79C /* Debug */ = {
			isa = XCBuildConfiguration;
			buildSettings = {
				ASSETCATALOG_COMPILER_APPICON_NAME = AppIcon;
				ASSETCATALOG_COMPILER_GLOBAL_ACCENT_COLOR_NAME = AccentColor;
				CODE_SIGN_STYLE = Automatic;
				CURRENT_PROJECT_VERSION = 1;
				DEVELOPMENT_TEAM = DC3S427YPD;
				GENERATE_INFOPLIST_FILE = YES;
				INFOPLIST_FILE = "JDMTalk-iOS/Info.plist";
				INFOPLIST_KEY_UIApplicationSupportsIndirectInputEvents = YES;
				INFOPLIST_KEY_UILaunchStoryboardName = LaunchScreen;
				INFOPLIST_KEY_UISupportedInterfaceOrientations_iPad = "UIInterfaceOrientationPortrait UIInterfaceOrientationPortraitUpsideDown UIInterfaceOrientationLandscapeLeft UIInterfaceOrientationLandscapeRight";
				INFOPLIST_KEY_UISupportedInterfaceOrientations_iPhone = "UIInterfaceOrientationPortrait UIInterfaceOrientationLandscapeLeft UIInterfaceOrientationLandscapeRight";
				LD_RUNPATH_SEARCH_PATHS = (
					"$(inherited)",
					"@executable_path/Frameworks",
				);
				MARKETING_VERSION = 1.0;
				PRODUCT_BUNDLE_IDENTIFIER = "com.reenact.jdm-talk.JDMTalk-iOS";
				PRODUCT_NAME = "$(TARGET_NAME)";
				SWIFT_EMIT_LOC_STRINGS = YES;
				SWIFT_VERSION = 5.0;
				TARGETED_DEVICE_FAMILY = "1,2";
			};
			name = Debug;
		};
		234A0E642B576A0F0063A79C /* Release */ = {
			isa = XCBuildConfiguration;
			buildSettings = {
				ASSETCATALOG_COMPILER_APPICON_NAME = AppIcon;
				ASSETCATALOG_COMPILER_GLOBAL_ACCENT_COLOR_NAME = AccentColor;
				CODE_SIGN_STYLE = Automatic;
				CURRENT_PROJECT_VERSION = 1;
				DEVELOPMENT_TEAM = DC3S427YPD;
				GENERATE_INFOPLIST_FILE = YES;
				INFOPLIST_FILE = "JDMTalk-iOS/Info.plist";
				INFOPLIST_KEY_UIApplicationSupportsIndirectInputEvents = YES;
				INFOPLIST_KEY_UILaunchStoryboardName = LaunchScreen;
				INFOPLIST_KEY_UISupportedInterfaceOrientations_iPad = "UIInterfaceOrientationPortrait UIInterfaceOrientationPortraitUpsideDown UIInterfaceOrientationLandscapeLeft UIInterfaceOrientationLandscapeRight";
				INFOPLIST_KEY_UISupportedInterfaceOrientations_iPhone = "UIInterfaceOrientationPortrait UIInterfaceOrientationLandscapeLeft UIInterfaceOrientationLandscapeRight";
				LD_RUNPATH_SEARCH_PATHS = (
					"$(inherited)",
					"@executable_path/Frameworks",
				);
				MARKETING_VERSION = 1.0;
				PRODUCT_BUNDLE_IDENTIFIER = "com.reenact.jdm-talk.JDMTalk-iOS";
				PRODUCT_NAME = "$(TARGET_NAME)";
				SWIFT_EMIT_LOC_STRINGS = YES;
				SWIFT_VERSION = 5.0;
				TARGETED_DEVICE_FAMILY = "1,2";
			};
			name = Release;
		};
/* End XCBuildConfiguration section */

/* Begin XCConfigurationList section */
		234A0E492B576A0E0063A79C /* Build configuration list for PBXProject "JDMTalk-iOS" */ = {
			isa = XCConfigurationList;
			buildConfigurations = (
				234A0E602B576A0F0063A79C /* Debug */,
				234A0E612B576A0F0063A79C /* Release */,
			);
			defaultConfigurationIsVisible = 0;
			defaultConfigurationName = Release;
		};
		234A0E622B576A0F0063A79C /* Build configuration list for PBXNativeTarget "JDMTalk-iOS" */ = {
			isa = XCConfigurationList;
			buildConfigurations = (
				234A0E632B576A0F0063A79C /* Debug */,
				234A0E642B576A0F0063A79C /* Release */,
			);
			defaultConfigurationIsVisible = 0;
			defaultConfigurationName = Release;
		};
/* End XCConfigurationList section */

/* Begin XCRemoteSwiftPackageReference section */
		234A0E722B576E600063A79C /* XCRemoteSwiftPackageReference "OpenAI" */ = {
			isa = XCRemoteSwiftPackageReference;
			repositoryURL = "https://github.com/MacPaw/OpenAI.git";
			requirement = {
				kind = upToNextMajorVersion;
				minimumVersion = 0.2.5;
			};
		};
		234A0E752B576E6D0063A79C /* XCRemoteSwiftPackageReference "MessageKit" */ = {
			isa = XCRemoteSwiftPackageReference;
			repositoryURL = "https://github.com/MessageKit/MessageKit.git";
			requirement = {
				kind = upToNextMajorVersion;
				minimumVersion = 4.2.0;
			};
		};
/* End XCRemoteSwiftPackageReference section */

/* Begin XCSwiftPackageProductDependency section */
		234A0E732B576E600063A79C /* OpenAI */ = {
			isa = XCSwiftPackageProductDependency;
			package = 234A0E722B576E600063A79C /* XCRemoteSwiftPackageReference "OpenAI" */;
			productName = OpenAI;
		};
		234A0E762B576E6D0063A79C /* MessageKit */ = {
			isa = XCSwiftPackageProductDependency;
			package = 234A0E752B576E6D0063A79C /* XCRemoteSwiftPackageReference "MessageKit" */;
			productName = MessageKit;
		};
/* End XCSwiftPackageProductDependency section */
	};
	rootObject = 234A0E462B576A0E0063A79C /* Project object */;
}
